// !$*UTF8*$!
{
	archiveVersion = 1;
	classes = {
	};
	objectVersion = 50;
	objects = {

/* Begin PBXBuildFile section */
		8B09371720D3AAB0000089E8 /* UIImage+Color.m in Sources */ = {isa = PBXBuildFile; fileRef = 8B09371620D3AAB0000089E8 /* UIImage+Color.m */; };
		8B0A39FB20D359A300F2E36C /* MovieTableViewCell.m in Sources */ = {isa = PBXBuildFile; fileRef = 8B0A39FA20D359A300F2E36C /* MovieTableViewCell.m */; };
		8BADB72320D24A1A0066A70A /* AppDelegate.m in Sources */ = {isa = PBXBuildFile; fileRef = 8BADB72220D24A1A0066A70A /* AppDelegate.m */; };
		8BADB72620D24A1A0066A70A /* ViewController.m in Sources */ = {isa = PBXBuildFile; fileRef = 8BADB72520D24A1A0066A70A /* ViewController.m */; };
		8BADB72B20D24A1C0066A70A /* Assets.xcassets in Resources */ = {isa = PBXBuildFile; fileRef = 8BADB72A20D24A1C0066A70A /* Assets.xcassets */; };
		8BADB72E20D24A1C0066A70A /* LaunchScreen.storyboard in Resources */ = {isa = PBXBuildFile; fileRef = 8BADB72C20D24A1C0066A70A /* LaunchScreen.storyboard */; };
		8BADB73120D24A1C0066A70A /* main.m in Sources */ = {isa = PBXBuildFile; fileRef = 8BADB73020D24A1C0066A70A /* main.m */; };
		8BADB73A20D251FF0066A70A /* NavigationController.m in Sources */ = {isa = PBXBuildFile; fileRef = 8BADB73920D251FF0066A70A /* NavigationController.m */; };
		8BADB73D20D26D9E0066A70A /* MovieViewModel.m in Sources */ = {isa = PBXBuildFile; fileRef = 8BADB73C20D26D9E0066A70A /* MovieViewModel.m */; };
		8BADB74020D26DB20066A70A /* Movie.m in Sources */ = {isa = PBXBuildFile; fileRef = 8BADB73F20D26DB20066A70A /* Movie.m */; };
		FAA831513BE93143CD656DA1 /* libPods-Demo.a in Frameworks */ = {isa = PBXBuildFile; fileRef = 5EF3CBBE3EF0AFDD41F41222 /* libPods-Demo.a */; };
/* End PBXBuildFile section */

/* Begin PBXFileReference section */
		5EF3CBBE3EF0AFDD41F41222 /* libPods-Demo.a */ = {isa = PBXFileReference; explicitFileType = archive.ar; includeInIndex = 0; path = "libPods-Demo.a"; sourceTree = BUILT_PRODUCTS_DIR; };
		8B09371520D3AAB0000089E8 /* UIImage+Color.h */ = {isa = PBXFileReference; lastKnownFileType = sourcecode.c.h; path = "UIImage+Color.h"; sourceTree = "<group>"; };
		8B09371620D3AAB0000089E8 /* UIImage+Color.m */ = {isa = PBXFileReference; lastKnownFileType = sourcecode.c.objc; path = "UIImage+Color.m"; sourceTree = "<group>"; };
		8B0A39F920D359A300F2E36C /* MovieTableViewCell.h */ = {isa = PBXFileReference; lastKnownFileType = sourcecode.c.h; path = MovieTableViewCell.h; sourceTree = "<group>"; };
		8B0A39FA20D359A300F2E36C /* MovieTableViewCell.m */ = {isa = PBXFileReference; lastKnownFileType = sourcecode.c.objc; path = MovieTableViewCell.m; sourceTree = "<group>"; };
		8BADB71E20D24A1A0066A70A /* Demo.app */ = {isa = PBXFileReference; explicitFileType = wrapper.application; includeInIndex = 0; path = Demo.app; sourceTree = BUILT_PRODUCTS_DIR; };
		8BADB72120D24A1A0066A70A /* AppDelegate.h */ = {isa = PBXFileReference; lastKnownFileType = sourcecode.c.h; path = AppDelegate.h; sourceTree = "<group>"; };
		8BADB72220D24A1A0066A70A /* AppDelegate.m */ = {isa = PBXFileReference; lastKnownFileType = sourcecode.c.objc; path = AppDelegate.m; sourceTree = "<group>"; };
		8BADB72420D24A1A0066A70A /* ViewController.h */ = {isa = PBXFileReference; lastKnownFileType = sourcecode.c.h; path = ViewController.h; sourceTree = "<group>"; };
		8BADB72520D24A1A0066A70A /* ViewController.m */ = {isa = PBXFileReference; lastKnownFileType = sourcecode.c.objc; path = ViewController.m; sourceTree = "<group>"; };
		8BADB72A20D24A1C0066A70A /* Assets.xcassets */ = {isa = PBXFileReference; lastKnownFileType = folder.assetcatalog; path = Assets.xcassets; sourceTree = "<group>"; };
		8BADB72D20D24A1C0066A70A /* Base */ = {isa = PBXFileReference; lastKnownFileType = file.storyboard; name = Base; path = Base.lproj/LaunchScreen.storyboard; sourceTree = "<group>"; };
		8BADB72F20D24A1C0066A70A /* Info.plist */ = {isa = PBXFileReference; lastKnownFileType = text.plist.xml; path = Info.plist; sourceTree = "<group>"; };
		8BADB73020D24A1C0066A70A /* main.m */ = {isa = PBXFileReference; lastKnownFileType = sourcecode.c.objc; path = main.m; sourceTree = "<group>"; };
		8BADB73820D251FF0066A70A /* NavigationController.h */ = {isa = PBXFileReference; lastKnownFileType = sourcecode.c.h; path = NavigationController.h; sourceTree = "<group>"; };
		8BADB73920D251FF0066A70A /* NavigationController.m */ = {isa = PBXFileReference; lastKnownFileType = sourcecode.c.objc; path = NavigationController.m; sourceTree = "<group>"; };
		8BADB73B20D26D9E0066A70A /* MovieViewModel.h */ = {isa = PBXFileReference; lastKnownFileType = sourcecode.c.h; path = MovieViewModel.h; sourceTree = "<group>"; };
		8BADB73C20D26D9E0066A70A /* MovieViewModel.m */ = {isa = PBXFileReference; lastKnownFileType = sourcecode.c.objc; path = MovieViewModel.m; sourceTree = "<group>"; };
		8BADB73E20D26DB20066A70A /* Movie.h */ = {isa = PBXFileReference; lastKnownFileType = sourcecode.c.h; path = Movie.h; sourceTree = "<group>"; };
		8BADB73F20D26DB20066A70A /* Movie.m */ = {isa = PBXFileReference; lastKnownFileType = sourcecode.c.objc; path = Movie.m; sourceTree = "<group>"; };
		9CAB8583CB0A8E155011E472 /* Pods-Demo.release.xcconfig */ = {isa = PBXFileReference; includeInIndex = 1; lastKnownFileType = text.xcconfig; name = "Pods-Demo.release.xcconfig"; path = "Pods/Target Support Files/Pods-Demo/Pods-Demo.release.xcconfig"; sourceTree = "<group>"; };
		BCCC7C70E2A6CDD98CFC9B3A /* Pods-Demo.debug.xcconfig */ = {isa = PBXFileReference; includeInIndex = 1; lastKnownFileType = text.xcconfig; name = "Pods-Demo.debug.xcconfig"; path = "Pods/Target Support Files/Pods-Demo/Pods-Demo.debug.xcconfig"; sourceTree = "<group>"; };
/* End PBXFileReference section */

/* Begin PBXFrameworksBuildPhase section */
		8BADB71B20D24A1A0066A70A /* Frameworks */ = {
			isa = PBXFrameworksBuildPhase;
			buildActionMask = 2147483647;
			files = (
				FAA831513BE93143CD656DA1 /* libPods-Demo.a in Frameworks */,
			);
			runOnlyForDeploymentPostprocessing = 0;
		};
/* End PBXFrameworksBuildPhase section */

/* Begin PBXGroup section */
		0799CD0E4B04B4CF3B8D2B9A /* Pods */ = {
			isa = PBXGroup;
			children = (
				BCCC7C70E2A6CDD98CFC9B3A /* Pods-Demo.debug.xcconfig */,
				9CAB8583CB0A8E155011E472 /* Pods-Demo.release.xcconfig */,
			);
			name = Pods;
			sourceTree = "<group>";
		};
		2370FDA6C9883399071FC856 /* Frameworks */ = {
			isa = PBXGroup;
			children = (
				5EF3CBBE3EF0AFDD41F41222 /* libPods-Demo.a */,
			);
			name = Frameworks;
			sourceTree = "<group>";
		};
		8B09371820D3AABD000089E8 /* Model */ = {
			isa = PBXGroup;
			children = (
				8BADB73E20D26DB20066A70A /* Movie.h */,
				8BADB73F20D26DB20066A70A /* Movie.m */,
				8BADB73B20D26D9E0066A70A /* MovieViewModel.h */,
				8BADB73C20D26D9E0066A70A /* MovieViewModel.m */,
			);
			path = Model;
			sourceTree = "<group>";
		};
		8B09371920D3AACF000089E8 /* View */ = {
			isa = PBXGroup;
			children = (
				8B0A39F920D359A300F2E36C /* MovieTableViewCell.h */,
				8B0A39FA20D359A300F2E36C /* MovieTableViewCell.m */,
			);
			path = View;
			sourceTree = "<group>";
		};
		8B09371A20D3AAD6000089E8 /* Category */ = {
			isa = PBXGroup;
			children = (
				8B09371520D3AAB0000089E8 /* UIImage+Color.h */,
				8B09371620D3AAB0000089E8 /* UIImage+Color.m */,
			);
			path = Category;
			sourceTree = "<group>";
		};
		8BADB71520D24A1A0066A70A = {
			isa = PBXGroup;
			children = (
				8BADB72020D24A1A0066A70A /* Demo */,
				8BADB71F20D24A1A0066A70A /* Products */,
				0799CD0E4B04B4CF3B8D2B9A /* Pods */,
				2370FDA6C9883399071FC856 /* Frameworks */,
			);
			sourceTree = "<group>";
		};
		8BADB71F20D24A1A0066A70A /* Products */ = {
			isa = PBXGroup;
			children = (
				8BADB71E20D24A1A0066A70A /* Demo.app */,
			);
			name = Products;
			sourceTree = "<group>";
		};
		8BADB72020D24A1A0066A70A /* Demo */ = {
			isa = PBXGroup;
			children = (
				8BADB72120D24A1A0066A70A /* AppDelegate.h */,
				8BADB72220D24A1A0066A70A /* AppDelegate.m */,
				8BADB72420D24A1A0066A70A /* ViewController.h */,
				8BADB72520D24A1A0066A70A /* ViewController.m */,
				8BADB73820D251FF0066A70A /* NavigationController.h */,
				8BADB73920D251FF0066A70A /* NavigationController.m */,
				8B09371820D3AABD000089E8 /* Model */,
				8B09371920D3AACF000089E8 /* View */,
				8B09371A20D3AAD6000089E8 /* Category */,
				8BADB73720D24A330066A70A /* Support Files */,
			);
			path = Demo;
			sourceTree = "<group>";
		};
		8BADB73720D24A330066A70A /* Support Files */ = {
			isa = PBXGroup;
			children = (
				8BADB72A20D24A1C0066A70A /* Assets.xcassets */,
				8BADB72C20D24A1C0066A70A /* LaunchScreen.storyboard */,
				8BADB72F20D24A1C0066A70A /* Info.plist */,
				8BADB73020D24A1C0066A70A /* main.m */,
			);
			path = "Support Files";
			sourceTree = "<group>";
		};
/* End PBXGroup section */

/* Begin PBXNativeTarget section */
		8BADB71D20D24A1A0066A70A /* Demo */ = {
			isa = PBXNativeTarget;
			buildConfigurationList = 8BADB73420D24A1C0066A70A /* Build configuration list for PBXNativeTarget "Demo" */;
			buildPhases = (
				E604465C716B1AC045262889 /* [CP] Check Pods Manifest.lock */,
				8BADB71A20D24A1A0066A70A /* Sources */,
				8BADB71B20D24A1A0066A70A /* Frameworks */,
				8BADB71C20D24A1A0066A70A /* Resources */,
			);
			buildRules = (
			);
			dependencies = (
			);
			name = Demo;
			productName = Demo;
			productReference = 8BADB71E20D24A1A0066A70A /* Demo.app */;
			productType = "com.apple.product-type.application";
		};
/* End PBXNativeTarget section */

/* Begin PBXProject section */
		8BADB71620D24A1A0066A70A /* Project object */ = {
			isa = PBXProject;
			attributes = {
				LastUpgradeCheck = 0940;
				ORGANIZATIONNAME = "Cencen Zheng";
				TargetAttributes = {
					8BADB71D20D24A1A0066A70A = {
						CreatedOnToolsVersion = 9.4;
					};
				};
			};
			buildConfigurationList = 8BADB71920D24A1A0066A70A /* Build configuration list for PBXProject "Demo" */;
			compatibilityVersion = "Xcode 9.3";
			developmentRegion = en;
			hasScannedForEncodings = 0;
			knownRegions = (
				en,
				Base,
			);
			mainGroup = 8BADB71520D24A1A0066A70A;
			productRefGroup = 8BADB71F20D24A1A0066A70A /* Products */;
			projectDirPath = "";
			projectRoot = "";
			targets = (
				8BADB71D20D24A1A0066A70A /* Demo */,
			);
		};
/* End PBXProject section */

/* Begin PBXResourcesBuildPhase section */
		8BADB71C20D24A1A0066A70A /* Resources */ = {
			isa = PBXResourcesBuildPhase;
			buildActionMask = 2147483647;
			files = (
				8BADB72E20D24A1C0066A70A /* LaunchScreen.storyboard in Resources */,
				8BADB72B20D24A1C0066A70A /* Assets.xcassets in Resources */,
			);
			runOnlyForDeploymentPostprocessing = 0;
		};
/* End PBXResourcesBuildPhase section */

/* Begin PBXShellScriptBuildPhase section */
		E604465C716B1AC045262889 /* [CP] Check Pods Manifest.lock */ = {
			isa = PBXShellScriptBuildPhase;
			buildActionMask = 2147483647;
			files = (
			);
			inputPaths = (
				"${PODS_PODFILE_DIR_PATH}/Podfile.lock",
				"${PODS_ROOT}/Manifest.lock",
			);
			name = "[CP] Check Pods Manifest.lock";
			outputPaths = (
				"$(DERIVED_FILE_DIR)/Pods-Demo-checkManifestLockResult.txt",
			);
			runOnlyForDeploymentPostprocessing = 0;
			shellPath = /bin/sh;
			shellScript = "diff \"${PODS_PODFILE_DIR_PATH}/Podfile.lock\" \"${PODS_ROOT}/Manifest.lock\" > /dev/null\nif [ $? != 0 ] ; then\n    # print error to STDERR\n    echo \"error: The sandbox is not in sync with the Podfile.lock. Run 'pod install' or update your CocoaPods installation.\" >&2\n    exit 1\nfi\n# This output is used by Xcode 'outputs' to avoid re-running this script phase.\necho \"SUCCESS\" > \"${SCRIPT_OUTPUT_FILE_0}\"\n";
			showEnvVarsInLog = 0;
		};
/* End PBXShellScriptBuildPhase section */

/* Begin PBXSourcesBuildPhase section */
		8BADB71A20D24A1A0066A70A /* Sources */ = {
			isa = PBXSourcesBuildPhase;
			buildActionMask = 2147483647;
			files = (
				8BADB74020D26DB20066A70A /* Movie.m in Sources */,
				8B0A39FB20D359A300F2E36C /* MovieTableViewCell.m in Sources */,
				8BADB73D20D26D9E0066A70A /* MovieViewModel.m in Sources */,
				8BADB72620D24A1A0066A70A /* ViewController.m in Sources */,
				8BADB73A20D251FF0066A70A /* NavigationController.m in Sources */,
				8B09371720D3AAB0000089E8 /* UIImage+Color.m in Sources */,
				8BADB73120D24A1C0066A70A /* main.m in Sources */,
				8BADB72320D24A1A0066A70A /* AppDelegate.m in Sources */,
			);
			runOnlyForDeploymentPostprocessing = 0;
		};
/* End PBXSourcesBuildPhase section */

/* Begin PBXVariantGroup section */
		8BADB72C20D24A1C0066A70A /* LaunchScreen.storyboard */ = {
			isa = PBXVariantGroup;
			children = (
				8BADB72D20D24A1C0066A70A /* Base */,
			);
			name = LaunchScreen.storyboard;
			sourceTree = "<group>";
		};
/* End PBXVariantGroup section */

/* Begin XCBuildConfiguration section */
		8BADB73220D24A1C0066A70A /* Debug */ = {
			isa = XCBuildConfiguration;
			buildSettings = {
				ALWAYS_SEARCH_USER_PATHS = NO;
				CLANG_ANALYZER_NONNULL = YES;
				CLANG_ANALYZER_NUMBER_OBJECT_CONVERSION = YES_AGGRESSIVE;
				CLANG_CXX_LANGUAGE_STANDARD = "gnu++14";
				CLANG_CXX_LIBRARY = "libc++";
				CLANG_ENABLE_MODULES = YES;
				CLANG_ENABLE_OBJC_ARC = YES;
				CLANG_ENABLE_OBJC_WEAK = YES;
				CLANG_WARN_BLOCK_CAPTURE_AUTORELEASING = YES;
				CLANG_WARN_BOOL_CONVERSION = YES;
				CLANG_WARN_COMMA = YES;
				CLANG_WARN_CONSTANT_CONVERSION = YES;
				CLANG_WARN_DEPRECATED_OBJC_IMPLEMENTATIONS = YES;
				CLANG_WARN_DIRECT_OBJC_ISA_USAGE = YES_ERROR;
				CLANG_WARN_DOCUMENTATION_COMMENTS = YES;
				CLANG_WARN_EMPTY_BODY = YES;
				CLANG_WARN_ENUM_CONVERSION = YES;
				CLANG_WARN_INFINITE_RECURSION = YES;
				CLANG_WARN_INT_CONVERSION = YES;
				CLANG_WARN_NON_LITERAL_NULL_CONVERSION = YES;
				CLANG_WARN_OBJC_IMPLICIT_RETAIN_SELF = YES;
				CLANG_WARN_OBJC_LITERAL_CONVERSION = YES;
				CLANG_WARN_OBJC_ROOT_CLASS = YES_ERROR;
				CLANG_WARN_RANGE_LOOP_ANALYSIS = YES;
				CLANG_WARN_STRICT_PROTOTYPES = YES;
				CLANG_WARN_SUSPICIOUS_MOVE = YES;
				CLANG_WARN_UNGUARDED_AVAILABILITY = YES_AGGRESSIVE;
				CLANG_WARN_UNREACHABLE_CODE = YES;
				CLANG_WARN__DUPLICATE_METHOD_MATCH = YES;
				CODE_SIGN_IDENTITY = "iPhone Developer";
				COPY_PHASE_STRIP = NO;
				DEBUG_INFORMATION_FORMAT = dwarf;
				ENABLE_STRICT_OBJC_MSGSEND = YES;
				ENABLE_TESTABILITY = YES;
				GCC_C_LANGUAGE_STANDARD = gnu11;
				GCC_DYNAMIC_NO_PIC = NO;
				GCC_NO_COMMON_BLOCKS = YES;
				GCC_OPTIMIZATION_LEVEL = 0;
				GCC_PREPROCESSOR_DEFINITIONS = (
					"DEBUG=1",
					"$(inherited)",
				);
				GCC_WARN_64_TO_32_BIT_CONVERSION = YES;
				GCC_WARN_ABOUT_RETURN_TYPE = YES_ERROR;
				GCC_WARN_UNDECLARED_SELECTOR = YES;
				GCC_WARN_UNINITIALIZED_AUTOS = YES_AGGRESSIVE;
				GCC_WARN_UNUSED_FUNCTION = YES;
				GCC_WARN_UNUSED_VARIABLE = YES;
				IPHONEOS_DEPLOYMENT_TARGET = 11.4;
				MTL_ENABLE_DEBUG_INFO = YES;
				ONLY_ACTIVE_ARCH = YES;
				SDKROOT = iphoneos;
			};
			name = Debug;
		};
		8BADB73320D24A1C0066A70A /* Release */ = {
			isa = XCBuildConfiguration;
			buildSettings = {
				ALWAYS_SEARCH_USER_PATHS = NO;
				CLANG_ANALYZER_NONNULL = YES;
				CLANG_ANALYZER_NUMBER_OBJECT_CONVERSION = YES_AGGRESSIVE;
				CLANG_CXX_LANGUAGE_STANDARD = "gnu++14";
				CLANG_CXX_LIBRARY = "libc++";
				CLANG_ENABLE_MODULES = YES;
				CLANG_ENABLE_OBJC_ARC = YES;
				CLANG_ENABLE_OBJC_WEAK = YES;
				CLANG_WARN_BLOCK_CAPTURE_AUTORELEASING = YES;
				CLANG_WARN_BOOL_CONVERSION = YES;
				CLANG_WARN_COMMA = YES;
				CLANG_WARN_CONSTANT_CONVERSION = YES;
				CLANG_WARN_DEPRECATED_OBJC_IMPLEMENTATIONS = YES;
				CLANG_WARN_DIRECT_OBJC_ISA_USAGE = YES_ERROR;
				CLANG_WARN_DOCUMENTATION_COMMENTS = YES;
				CLANG_WARN_EMPTY_BODY = YES;
				CLANG_WARN_ENUM_CONVERSION = YES;
				CLANG_WARN_INFINITE_RECURSION = YES;
				CLANG_WARN_INT_CONVERSION = YES;
				CLANG_WARN_NON_LITERAL_NULL_CONVERSION = YES;
				CLANG_WARN_OBJC_IMPLICIT_RETAIN_SELF = YES;
				CLANG_WARN_OBJC_LITERAL_CONVERSION = YES;
				CLANG_WARN_OBJC_ROOT_CLASS = YES_ERROR;
				CLANG_WARN_RANGE_LOOP_ANALYSIS = YES;
				CLANG_WARN_STRICT_PROTOTYPES = YES;
				CLANG_WARN_SUSPICIOUS_MOVE = YES;
				CLANG_WARN_UNGUARDED_AVAILABILITY = YES_AGGRESSIVE;
				CLANG_WARN_UNREACHABLE_CODE = YES;
				CLANG_WARN__DUPLICATE_METHOD_MATCH = YES;
				CODE_SIGN_IDENTITY = "iPhone Developer";
				COPY_PHASE_STRIP = NO;
				DEBUG_INFORMATION_FORMAT = "dwarf-with-dsym";
				ENABLE_NS_ASSERTIONS = NO;
				ENABLE_STRICT_OBJC_MSGSEND = YES;
				GCC_C_LANGUAGE_STANDARD = gnu11;
				GCC_NO_COMMON_BLOCKS = YES;
				GCC_WARN_64_TO_32_BIT_CONVERSION = YES;
				GCC_WARN_ABOUT_RETURN_TYPE = YES_ERROR;
				GCC_WARN_UNDECLARED_SELECTOR = YES;
				GCC_WARN_UNINITIALIZED_AUTOS = YES_AGGRESSIVE;
				GCC_WARN_UNUSED_FUNCTION = YES;
				GCC_WARN_UNUSED_VARIABLE = YES;
				IPHONEOS_DEPLOYMENT_TARGET = 11.4;
				MTL_ENABLE_DEBUG_INFO = NO;
				SDKROOT = iphoneos;
				VALIDATE_PRODUCT = YES;
			};
			name = Release;
		};
		8BADB73520D24A1C0066A70A /* Debug */ = {
			isa = XCBuildConfiguration;
			baseConfigurationReference = BCCC7C70E2A6CDD98CFC9B3A /* Pods-Demo.debug.xcconfig */;
			buildSettings = {
				ASSETCATALOG_COMPILER_APPICON_NAME = AppIcon;
				CODE_SIGN_STYLE = Automatic;
				DEVELOPMENT_TEAM = KWVYNK7KYH;
				INFOPLIST_FILE = "$(SRCROOT)/Demo/Support Files/Info.plist";
				LD_RUNPATH_SEARCH_PATHS = (
					"$(inherited)",
					"@executable_path/Frameworks",
				);
				PRODUCT_BUNDLE_IDENTIFIER = "Cencen-Zheng.Demo";
				PRODUCT_NAME = "$(TARGET_NAME)";
				TARGETED_DEVICE_FAMILY = "1,2";
			};
			name = Debug;
		};
		8BADB73620D24A1C0066A70A /* Release */ = {
			isa = XCBuildConfiguration;
			baseConfigurationReference = 9CAB8583CB0A8E155011E472 /* Pods-Demo.release.xcconfig */;
			buildSettings = {
				ASSETCATALOG_COMPILER_APPICON_NAME = AppIcon;
				CODE_SIGN_STYLE = Automatic;
				DEVELOPMENT_TEAM = KWVYNK7KYH;
				INFOPLIST_FILE = "$(SRCROOT)/Demo/Support Files/Info.plist";
				LD_RUNPATH_SEARCH_PATHS = (
					"$(inherited)",
					"@executable_path/Frameworks",
				);
				PRODUCT_BUNDLE_IDENTIFIER = "Cencen-Zheng.Demo";
				PRODUCT_NAME = "$(TARGET_NAME)";
				TARGETED_DEVICE_FAMILY = "1,2";
			};
			name = Release;
		};
/* End XCBuildConfiguration section */

/* Begin XCConfigurationList section */
		8BADB71920D24A1A0066A70A /* Build configuration list for PBXProject "Demo" */ = {
			isa = XCConfigurationList;
			buildConfigurations = (
				8BADB73220D24A1C0066A70A /* Debug */,
				8BADB73320D24A1C0066A70A /* Release */,
			);
			defaultConfigurationIsVisible = 0;
			defaultConfigurationName = Release;
		};
		8BADB73420D24A1C0066A70A /* Build configuration list for PBXNativeTarget "Demo" */ = {
			isa = XCConfigurationList;
			buildConfigurations = (
				8BADB73520D24A1C0066A70A /* Debug */,
				8BADB73620D24A1C0066A70A /* Release */,
			);
			defaultConfigurationIsVisible = 0;
			defaultConfigurationName = Release;
		};
/* End XCConfigurationList section */
	};
	rootObject = 8BADB71620D24A1A0066A70A /* Project object */;
}
